// !$*UTF8*$!
{
	archiveVersion = 1;
	classes = {
	};
	objectVersion = 46;
	objects = {

/* Begin PBXBuildFile section */
		6277993C1D98192A005E703C /* AppDelegate.swift in Sources */ = {isa = PBXBuildFile; fileRef = 6277993B1D98192A005E703C /* AppDelegate.swift */; };
		6277993E1D98192A005E703C /* ViewController.swift in Sources */ = {isa = PBXBuildFile; fileRef = 6277993D1D98192A005E703C /* ViewController.swift */; };
		627799411D98192A005E703C /* Main.storyboard in Resources */ = {isa = PBXBuildFile; fileRef = 6277993F1D98192A005E703C /* Main.storyboard */; };
		627799431D98192A005E703C /* Assets.xcassets in Resources */ = {isa = PBXBuildFile; fileRef = 627799421D98192A005E703C /* Assets.xcassets */; };
		627799461D98192A005E703C /* LaunchScreen.storyboard in Resources */ = {isa = PBXBuildFile; fileRef = 627799441D98192A005E703C /* LaunchScreen.storyboard */; };
		627799511D98192A005E703C /* TransitAppTests.swift in Sources */ = {isa = PBXBuildFile; fileRef = 627799501D98192A005E703C /* TransitAppTests.swift */; };
/* End PBXBuildFile section */

/* Begin PBXContainerItemProxy section */
		6277994D1D98192A005E703C /* PBXContainerItemProxy */ = {
			isa = PBXContainerItemProxy;
			containerPortal = 627799301D98192A005E703C /* Project object */;
			proxyType = 1;
			remoteGlobalIDString = 627799371D98192A005E703C;
			remoteInfo = TransitApp;
		};
/* End PBXContainerItemProxy section */

/* Begin PBXFileReference section */
		627799381D98192A005E703C /* TransitApp.app */ = {isa = PBXFileReference; explicitFileType = wrapper.application; includeInIndex = 0; path = TransitApp.app; sourceTree = BUILT_PRODUCTS_DIR; };
		6277993B1D98192A005E703C /* AppDelegate.swift */ = {isa = PBXFileReference; lastKnownFileType = sourcecode.swift; path = AppDelegate.swift; sourceTree = "<group>"; };
		6277993D1D98192A005E703C /* ViewController.swift */ = {isa = PBXFileReference; lastKnownFileType = sourcecode.swift; path = ViewController.swift; sourceTree = "<group>"; };
		627799401D98192A005E703C /* Base */ = {isa = PBXFileReference; lastKnownFileType = file.storyboard; name = Base; path = Base.lproj/Main.storyboard; sourceTree = "<group>"; };
		627799421D98192A005E703C /* Assets.xcassets */ = {isa = PBXFileReference; lastKnownFileType = folder.assetcatalog; path = Assets.xcassets; sourceTree = "<group>"; };
		627799451D98192A005E703C /* Base */ = {isa = PBXFileReference; lastKnownFileType = file.storyboard; name = Base; path = Base.lproj/LaunchScreen.storyboard; sourceTree = "<group>"; };
		627799471D98192A005E703C /* Info.plist */ = {isa = PBXFileReference; lastKnownFileType = text.plist.xml; path = Info.plist; sourceTree = "<group>"; };
		6277994C1D98192A005E703C /* TransitAppTests.xctest */ = {isa = PBXFileReference; explicitFileType = wrapper.cfbundle; includeInIndex = 0; path = TransitAppTests.xctest; sourceTree = BUILT_PRODUCTS_DIR; };
		627799501D98192A005E703C /* TransitAppTests.swift */ = {isa = PBXFileReference; lastKnownFileType = sourcecode.swift; path = TransitAppTests.swift; sourceTree = "<group>"; };
		627799521D98192A005E703C /* Info.plist */ = {isa = PBXFileReference; lastKnownFileType = text.plist.xml; path = Info.plist; sourceTree = "<group>"; };
/* End PBXFileReference section */

/* Begin PBXFrameworksBuildPhase section */
		627799351D98192A005E703C /* Frameworks */ = {
			isa = PBXFrameworksBuildPhase;
			buildActionMask = 2147483647;
			files = (
			);
			runOnlyForDeploymentPostprocessing = 0;
		};
		627799491D98192A005E703C /* Frameworks */ = {
			isa = PBXFrameworksBuildPhase;
			buildActionMask = 2147483647;
			files = (
			);
			runOnlyForDeploymentPostprocessing = 0;
		};
/* End PBXFrameworksBuildPhase section */

/* Begin PBXGroup section */
		6277992F1D98192A005E703C = {
			isa = PBXGroup;
			children = (
				6277993A1D98192A005E703C /* TransitApp */,
				6277994F1D98192A005E703C /* TransitAppTests */,
				627799391D98192A005E703C /* Products */,
			);
			sourceTree = "<group>";
		};
		627799391D98192A005E703C /* Products */ = {
			isa = PBXGroup;
			children = (
				627799381D98192A005E703C /* TransitApp.app */,
				6277994C1D98192A005E703C /* TransitAppTests.xctest */,
			);
			name = Products;
			sourceTree = "<group>";
		};
		6277993A1D98192A005E703C /* TransitApp */ = {
			isa = PBXGroup;
			children = (
				6277993B1D98192A005E703C /* AppDelegate.swift */,
				6277993D1D98192A005E703C /* ViewController.swift */,
				6277993F1D98192A005E703C /* Main.storyboard */,
				627799421D98192A005E703C /* Assets.xcassets */,
				627799441D98192A005E703C /* LaunchScreen.storyboard */,
				627799471D98192A005E703C /* Info.plist */,
			);
			path = TransitApp;
			sourceTree = "<group>";
		};
		6277994F1D98192A005E703C /* TransitAppTests */ = {
			isa = PBXGroup;
			children = (
				627799501D98192A005E703C /* TransitAppTests.swift */,
				627799521D98192A005E703C /* Info.plist */,
			);
			path = TransitAppTests;
			sourceTree = "<group>";
		};
/* End PBXGroup section */

/* Begin PBXNativeTarget section */
		627799371D98192A005E703C /* TransitApp */ = {
			isa = PBXNativeTarget;
			buildConfigurationList = 627799551D98192A005E703C /* Build configuration list for PBXNativeTarget "TransitApp" */;
			buildPhases = (
				627799341D98192A005E703C /* Sources */,
				627799351D98192A005E703C /* Frameworks */,
				627799361D98192A005E703C /* Resources */,
			);
			buildRules = (
			);
			dependencies = (
			);
			name = TransitApp;
			productName = TransitApp;
			productReference = 627799381D98192A005E703C /* TransitApp.app */;
			productType = "com.apple.product-type.application";
		};
		6277994B1D98192A005E703C /* TransitAppTests */ = {
			isa = PBXNativeTarget;
			buildConfigurationList = 627799581D98192A005E703C /* Build configuration list for PBXNativeTarget "TransitAppTests" */;
			buildPhases = (
				627799481D98192A005E703C /* Sources */,
				627799491D98192A005E703C /* Frameworks */,
				6277994A1D98192A005E703C /* Resources */,
			);
			buildRules = (
			);
			dependencies = (
				6277994E1D98192A005E703C /* PBXTargetDependency */,
			);
			name = TransitAppTests;
			productName = TransitAppTests;
			productReference = 6277994C1D98192A005E703C /* TransitAppTests.xctest */;
			productType = "com.apple.product-type.bundle.unit-test";
		};
/* End PBXNativeTarget section */

/* Begin PBXProject section */
		627799301D98192A005E703C /* Project object */ = {
			isa = PBXProject;
			attributes = {
				LastSwiftUpdateCheck = 0800;
				LastUpgradeCheck = 0800;
				ORGANIZATIONNAME = "Fares Ben Hamouda";
				TargetAttributes = {
					627799371D98192A005E703C = {
						CreatedOnToolsVersion = 8.0;
						ProvisioningStyle = Automatic;
					};
					6277994B1D98192A005E703C = {
						CreatedOnToolsVersion = 8.0;
						ProvisioningStyle = Automatic;
						TestTargetID = 627799371D98192A005E703C;
					};
				};
			};
			buildConfigurationList = 627799331D98192A005E703C /* Build configuration list for PBXProject "TransitApp" */;
			compatibilityVersion = "Xcode 3.2";
			developmentRegion = English;
			hasScannedForEncodings = 0;
			knownRegions = (
				en,
				Base,
			);
			mainGroup = 6277992F1D98192A005E703C;
			productRefGroup = 627799391D98192A005E703C /* Products */;
			projectDirPath = "";
			projectRoot = "";
			targets = (
				627799371D98192A005E703C /* TransitApp */,
				6277994B1D98192A005E703C /* TransitAppTests */,
			);
		};
/* End PBXProject section */

/* Begin PBXResourcesBuildPhase section */
		627799361D98192A005E703C /* Resources */ = {
			isa = PBXResourcesBuildPhase;
			buildActionMask = 2147483647;
			files = (
				627799461D98192A005E703C /* LaunchScreen.storyboard in Resources */,
				627799431D98192A005E703C /* Assets.xcassets in Resources */,
				627799411D98192A005E703C /* Main.storyboard in Resources */,
			);
			runOnlyForDeploymentPostprocessing = 0;
		};
		6277994A1D98192A005E703C /* Resources */ = {
			isa = PBXResourcesBuildPhase;
			buildActionMask = 2147483647;
			files = (
			);
			runOnlyForDeploymentPostprocessing = 0;
		};
/* End PBXResourcesBuildPhase section */

/* Begin PBXSourcesBuildPhase section */
		627799341D98192A005E703C /* Sources */ = {
			isa = PBXSourcesBuildPhase;
			buildActionMask = 2147483647;
			files = (
				6277993E1D98192A005E703C /* ViewController.swift in Sources */,
				6277993C1D98192A005E703C /* AppDelegate.swift in Sources */,
			);
			runOnlyForDeploymentPostprocessing = 0;
		};
		627799481D98192A005E703C /* Sources */ = {
			isa = PBXSourcesBuildPhase;
			buildActionMask = 2147483647;
			files = (
				627799511D98192A005E703C /* TransitAppTests.swift in Sources */,
			);
			runOnlyForDeploymentPostprocessing = 0;
		};
/* End PBXSourcesBuildPhase section */

/* Begin PBXTargetDependency section */
		6277994E1D98192A005E703C /* PBXTargetDependency */ = {
			isa = PBXTargetDependency;
			target = 627799371D98192A005E703C /* TransitApp */;
			targetProxy = 6277994D1D98192A005E703C /* PBXContainerItemProxy */;
		};
/* End PBXTargetDependency section */

/* Begin PBXVariantGroup section */
		6277993F1D98192A005E703C /* Main.storyboard */ = {
			isa = PBXVariantGroup;
			children = (
				627799401D98192A005E703C /* Base */,
			);
			name = Main.storyboard;
			sourceTree = "<group>";
		};
		627799441D98192A005E703C /* LaunchScreen.storyboard */ = {
			isa = PBXVariantGroup;
			children = (
				627799451D98192A005E703C /* Base */,
			);
			name = LaunchScreen.storyboard;
			sourceTree = "<group>";
		};
/* End PBXVariantGroup section */

/* Begin XCBuildConfiguration section */
		627799531D98192A005E703C /* Debug */ = {
			isa = XCBuildConfiguration;
			buildSettings = {
				ALWAYS_SEARCH_USER_PATHS = NO;
				CLANG_ANALYZER_NONNULL = YES;
				CLANG_CXX_LANGUAGE_STANDARD = "gnu++0x";
				CLANG_CXX_LIBRARY = "libc++";
				CLANG_ENABLE_MODULES = YES;
				CLANG_ENABLE_OBJC_ARC = YES;
				CLANG_WARN_BOOL_CONVERSION = YES;
				CLANG_WARN_CONSTANT_CONVERSION = YES;
				CLANG_WARN_DIRECT_OBJC_ISA_USAGE = YES_ERROR;
				CLANG_WARN_DOCUMENTATION_COMMENTS = YES;
				CLANG_WARN_EMPTY_BODY = YES;
				CLANG_WARN_ENUM_CONVERSION = YES;
				CLANG_WARN_INFINITE_RECURSION = YES;
				CLANG_WARN_INT_CONVERSION = YES;
				CLANG_WARN_OBJC_ROOT_CLASS = YES_ERROR;
				CLANG_WARN_SUSPICIOUS_MOVES = YES;
				CLANG_WARN_UNREACHABLE_CODE = YES;
				CLANG_WARN__DUPLICATE_METHOD_MATCH = YES;
				"CODE_SIGN_IDENTITY[sdk=iphoneos*]" = "iPhone Developer";
				COPY_PHASE_STRIP = NO;
				DEBUG_INFORMATION_FORMAT = dwarf;
				ENABLE_STRICT_OBJC_MSGSEND = YES;
				ENABLE_TESTABILITY = YES;
				GCC_C_LANGUAGE_STANDARD = gnu99;
				GCC_DYNAMIC_NO_PIC = NO;
				GCC_NO_COMMON_BLOCKS = YES;
				GCC_OPTIMIZATION_LEVEL = 0;
				GCC_PREPROCESSOR_DEFINITIONS = (
					"DEBUG=1",
					"$(inherited)",
				);
				GCC_WARN_64_TO_32_BIT_CONVERSION = YES;
				GCC_WARN_ABOUT_RETURN_TYPE = YES_ERROR;
				GCC_WARN_UNDECLARED_SELECTOR = YES;
				GCC_WARN_UNINITIALIZED_AUTOS = YES_AGGRESSIVE;
				GCC_WARN_UNUSED_FUNCTION = YES;
				GCC_WARN_UNUSED_VARIABLE = YES;
				IPHONEOS_DEPLOYMENT_TARGET = 10.0;
				MTL_ENABLE_DEBUG_INFO = YES;
				ONLY_ACTIVE_ARCH = YES;
				SDKROOT = iphoneos;
				SWIFT_ACTIVE_COMPILATION_CONDITIONS = DEBUG;
				SWIFT_OPTIMIZATION_LEVEL = "-Onone";
			};
			name = Debug;
		};
		627799541D98192A005E703C /* Release */ = {
			isa = XCBuildConfiguration;
			buildSettings = {
				ALWAYS_SEARCH_USER_PATHS = NO;
				CLANG_ANALYZER_NONNULL = YES;
				CLANG_CXX_LANGUAGE_STANDARD = "gnu++0x";
				CLANG_CXX_LIBRARY = "libc++";
				CLANG_ENABLE_MODULES = YES;
				CLANG_ENABLE_OBJC_ARC = YES;
				CLANG_WARN_BOOL_CONVERSION = YES;
				CLANG_WARN_CONSTANT_CONVERSION = YES;
				CLANG_WARN_DIRECT_OBJC_ISA_USAGE = YES_ERROR;
				CLANG_WARN_DOCUMENTATION_COMMENTS = YES;
				CLANG_WARN_EMPTY_BODY = YES;
				CLANG_WARN_ENUM_CONVERSION = YES;
				CLANG_WARN_INFINITE_RECURSION = YES;
				CLANG_WARN_INT_CONVERSION = YES;
				CLANG_WARN_OBJC_ROOT_CLASS = YES_ERROR;
				CLANG_WARN_SUSPICIOUS_MOVES = YES;
				CLANG_WARN_UNREACHABLE_CODE = YES;
				CLANG_WARN__DUPLICATE_METHOD_MATCH = YES;
				"CODE_SIGN_IDENTITY[sdk=iphoneos*]" = "iPhone Developer";
				COPY_PHASE_STRIP = NO;
				DEBUG_INFORMATION_FORMAT = "dwarf-with-dsym";
				ENABLE_NS_ASSERTIONS = NO;
				ENABLE_STRICT_OBJC_MSGSEND = YES;
				GCC_C_LANGUAGE_STANDARD = gnu99;
				GCC_NO_COMMON_BLOCKS = YES;
				GCC_WARN_64_TO_32_BIT_CONVERSION = YES;
				GCC_WARN_ABOUT_RETURN_TYPE = YES_ERROR;
				GCC_WARN_UNDECLARED_SELECTOR = YES;
				GCC_WARN_UNINITIALIZED_AUTOS = YES_AGGRESSIVE;
				GCC_WARN_UNUSED_FUNCTION = YES;
				GCC_WARN_UNUSED_VARIABLE = YES;
				IPHONEOS_DEPLOYMENT_TARGET = 10.0;
				MTL_ENABLE_DEBUG_INFO = NO;
				SDKROOT = iphoneos;
				SWIFT_OPTIMIZATION_LEVEL = "-Owholemodule";
				VALIDATE_PRODUCT = YES;
			};
			name = Release;
		};
		627799561D98192A005E703C /* Debug */ = {
			isa = XCBuildConfiguration;
			buildSettings = {
				ASSETCATALOG_COMPILER_APPICON_NAME = AppIcon;
				INFOPLIST_FILE = TransitApp/Info.plist;
				LD_RUNPATH_SEARCH_PATHS = "$(inherited) @executable_path/Frameworks";
				PRODUCT_BUNDLE_IDENTIFIER = com.fares.TransitApp;
				PRODUCT_NAME = "$(TARGET_NAME)";
				SWIFT_VERSION = 3.0;
			};
			name = Debug;
		};
		627799571D98192A005E703C /* Release */ = {
			isa = XCBuildConfiguration;
			buildSettings = {
				ASSETCATALOG_COMPILER_APPICON_NAME = AppIcon;
				INFOPLIST_FILE = TransitApp/Info.plist;
				LD_RUNPATH_SEARCH_PATHS = "$(inherited) @executable_path/Frameworks";
				PRODUCT_BUNDLE_IDENTIFIER = com.fares.TransitApp;
				PRODUCT_NAME = "$(TARGET_NAME)";
				SWIFT_VERSION = 3.0;
			};
			name = Release;
		};
		627799591D98192A005E703C /* Debug */ = {
			isa = XCBuildConfiguration;
			buildSettings = {
				ALWAYS_EMBED_SWIFT_STANDARD_LIBRARIES = YES;
				BUNDLE_LOADER = "$(TEST_HOST)";
				INFOPLIST_FILE = TransitAppTests/Info.plist;
				LD_RUNPATH_SEARCH_PATHS = "$(inherited) @executable_path/Frameworks @loader_path/Frameworks";
				PRODUCT_BUNDLE_IDENTIFIER = com.fares.TransitAppTests;
				PRODUCT_NAME = "$(TARGET_NAME)";
				SWIFT_VERSION = 3.0;
				TEST_HOST = "$(BUILT_PRODUCTS_DIR)/TransitApp.app/TransitApp";
			};
			name = Debug;
		};
		6277995A1D98192A005E703C /* Release */ = {
			isa = XCBuildConfiguration;
			buildSettings = {
				ALWAYS_EMBED_SWIFT_STANDARD_LIBRARIES = YES;
				BUNDLE_LOADER = "$(TEST_HOST)";
				INFOPLIST_FILE = TransitAppTests/Info.plist;
				LD_RUNPATH_SEARCH_PATHS = "$(inherited) @executable_path/Frameworks @loader_path/Frameworks";
				PRODUCT_BUNDLE_IDENTIFIER = com.fares.TransitAppTests;
				PRODUCT_NAME = "$(TARGET_NAME)";
				SWIFT_VERSION = 3.0;
				TEST_HOST = "$(BUILT_PRODUCTS_DIR)/TransitApp.app/TransitApp";
			};
			name = Release;
		};
/* End XCBuildConfiguration section */

/* Begin XCConfigurationList section */
		627799331D98192A005E703C /* Build configuration list for PBXProject "TransitApp" */ = {
			isa = XCConfigurationList;
			buildConfigurations = (
				627799531D98192A005E703C /* Debug */,
				627799541D98192A005E703C /* Release */,
			);
			defaultConfigurationIsVisible = 0;
			defaultConfigurationName = Release;
		};
		627799551D98192A005E703C /* Build configuration list for PBXNativeTarget "TransitApp" */ = {
			isa = XCConfigurationList;
			buildConfigurations = (
				627799561D98192A005E703C /* Debug */,
				627799571D98192A005E703C /* Release */,
			);
			defaultConfigurationIsVisible = 0;
		};
		627799581D98192A005E703C /* Build configuration list for PBXNativeTarget "TransitAppTests" */ = {
			isa = XCConfigurationList;
			buildConfigurations = (
				627799591D98192A005E703C /* Debug */,
				6277995A1D98192A005E703C /* Release */,
			);
			defaultConfigurationIsVisible = 0;
		};
/* End XCConfigurationList section */
	};
	rootObject = 627799301D98192A005E703C /* Project object */;
}
