// !$*UTF8*$!
{
	archiveVersion = 1;
	classes = {
	};
	objectVersion = 46;
	objects = {

/* Begin PBXBuildFile section */
		27A6DA471D995C4400D82628 /* Route.swift in Sources */ = {isa = PBXBuildFile; fileRef = 27A6DA461D995C4400D82628 /* Route.swift */; };
		27A6DA491D99600900D82628 /* Stop.swift in Sources */ = {isa = PBXBuildFile; fileRef = 27A6DA481D99600900D82628 /* Stop.swift */; };
		27A6DA4B1D9960E800D82628 /* Segment.swift in Sources */ = {isa = PBXBuildFile; fileRef = 27A6DA4A1D9960E800D82628 /* Segment.swift */; };
		27A6DA4D1D99654A00D82628 /* ProviderAttribute.swift in Sources */ = {isa = PBXBuildFile; fileRef = 27A6DA4C1D99654900D82628 /* ProviderAttribute.swift */; };
		27B1BB421D9AB97A00B0AC0D /* DialogDateTimePicker.xib in Resources */ = {isa = PBXBuildFile; fileRef = 27B1BB411D9AB97A00B0AC0D /* DialogDateTimePicker.xib */; };
		27B1BB441D9ABA1700B0AC0D /* DialogDateTimePickerView.swift in Sources */ = {isa = PBXBuildFile; fileRef = 27B1BB431D9ABA1700B0AC0D /* DialogDateTimePickerView.swift */; };
		27B1BB461D9ACB8C00B0AC0D /* ResultTableViewController.swift in Sources */ = {isa = PBXBuildFile; fileRef = 27B1BB451D9ACB8C00B0AC0D /* ResultTableViewController.swift */; };
		621A04D61D9AF61E00C5085D /* RouteTableViewCell.swift in Sources */ = {isa = PBXBuildFile; fileRef = 621A04D51D9AF61E00C5085D /* RouteTableViewCell.swift */; };
		621A04D81D9AF9D300C5085D /* SegmentsTableViewCell.swift in Sources */ = {isa = PBXBuildFile; fileRef = 621A04D71D9AF9D300C5085D /* SegmentsTableViewCell.swift */; };
		6277993C1D98192A005E703C /* AppDelegate.swift in Sources */ = {isa = PBXBuildFile; fileRef = 6277993B1D98192A005E703C /* AppDelegate.swift */; };
		6277993E1D98192A005E703C /* SplashViewController.swift in Sources */ = {isa = PBXBuildFile; fileRef = 6277993D1D98192A005E703C /* SplashViewController.swift */; };
		627799411D98192A005E703C /* Main.storyboard in Resources */ = {isa = PBXBuildFile; fileRef = 6277993F1D98192A005E703C /* Main.storyboard */; };
		627799431D98192A005E703C /* Assets.xcassets in Resources */ = {isa = PBXBuildFile; fileRef = 627799421D98192A005E703C /* Assets.xcassets */; };
		627799511D98192A005E703C /* TransitAppTests.swift in Sources */ = {isa = PBXBuildFile; fileRef = 627799501D98192A005E703C /* TransitAppTests.swift */; };
		627799631D981D50005E703C /* Podfile in Resources */ = {isa = PBXBuildFile; fileRef = 627799621D981D50005E703C /* Podfile */; };
		627799661D9832A3005E703C /* IJProgressView.swift in Sources */ = {isa = PBXBuildFile; fileRef = 627799651D9832A3005E703C /* IJProgressView.swift */; };
		627799681D985C71005E703C /* data.json in Resources */ = {isa = PBXBuildFile; fileRef = 627799671D985C71005E703C /* data.json */; };
		6277996C1D987F17005E703C /* SearchViewController.swift in Sources */ = {isa = PBXBuildFile; fileRef = 6277996B1D987F17005E703C /* SearchViewController.swift */; };
		6277996E1D98845B005E703C /* Data.swift in Sources */ = {isa = PBXBuildFile; fileRef = 6277996D1D98845B005E703C /* Data.swift */; };
		627799721D99A8E5005E703C /* DataParser.swift in Sources */ = {isa = PBXBuildFile; fileRef = 627799711D99A8E5005E703C /* DataParser.swift */; };
		627799741D99AAD1005E703C /* Extensions.swift in Sources */ = {isa = PBXBuildFile; fileRef = 627799731D99AAD1005E703C /* Extensions.swift */; };
		83DE06C006C9B3C178C3BE0B /* Pods_TransitApp.framework in Frameworks */ = {isa = PBXBuildFile; fileRef = 6D1C298EF69321B4C7B77B1C /* Pods_TransitApp.framework */; };
/* End PBXBuildFile section */

/* Begin PBXContainerItemProxy section */
		6277994D1D98192A005E703C /* PBXContainerItemProxy */ = {
			isa = PBXContainerItemProxy;
			containerPortal = 627799301D98192A005E703C /* Project object */;
			proxyType = 1;
			remoteGlobalIDString = 627799371D98192A005E703C;
			remoteInfo = TransitApp;
		};
/* End PBXContainerItemProxy section */

/* Begin PBXFileReference section */
		02C4B179D8E86B0BA1505942 /* Pods-TransitApp.release.xcconfig */ = {isa = PBXFileReference; includeInIndex = 1; lastKnownFileType = text.xcconfig; name = "Pods-TransitApp.release.xcconfig"; path = "Pods/Target Support Files/Pods-TransitApp/Pods-TransitApp.release.xcconfig"; sourceTree = "<group>"; };
		27A6DA461D995C4400D82628 /* Route.swift */ = {isa = PBXFileReference; fileEncoding = 4; lastKnownFileType = sourcecode.swift; path = Route.swift; sourceTree = "<group>"; };
		27A6DA481D99600900D82628 /* Stop.swift */ = {isa = PBXFileReference; fileEncoding = 4; lastKnownFileType = sourcecode.swift; path = Stop.swift; sourceTree = "<group>"; };
		27A6DA4A1D9960E800D82628 /* Segment.swift */ = {isa = PBXFileReference; fileEncoding = 4; lastKnownFileType = sourcecode.swift; path = Segment.swift; sourceTree = "<group>"; };
		27A6DA4C1D99654900D82628 /* ProviderAttribute.swift */ = {isa = PBXFileReference; fileEncoding = 4; lastKnownFileType = sourcecode.swift; path = ProviderAttribute.swift; sourceTree = "<group>"; };
		27B1BB411D9AB97A00B0AC0D /* DialogDateTimePicker.xib */ = {isa = PBXFileReference; fileEncoding = 4; lastKnownFileType = file.xib; path = DialogDateTimePicker.xib; sourceTree = "<group>"; };
		27B1BB431D9ABA1700B0AC0D /* DialogDateTimePickerView.swift */ = {isa = PBXFileReference; fileEncoding = 4; lastKnownFileType = sourcecode.swift; path = DialogDateTimePickerView.swift; sourceTree = "<group>"; };
		27B1BB451D9ACB8C00B0AC0D /* ResultTableViewController.swift */ = {isa = PBXFileReference; fileEncoding = 4; lastKnownFileType = sourcecode.swift; path = ResultTableViewController.swift; sourceTree = "<group>"; };
		48F60EB2165E6758187A2034 /* Pods-TransitApp.debug.xcconfig */ = {isa = PBXFileReference; includeInIndex = 1; lastKnownFileType = text.xcconfig; name = "Pods-TransitApp.debug.xcconfig"; path = "Pods/Target Support Files/Pods-TransitApp/Pods-TransitApp.debug.xcconfig"; sourceTree = "<group>"; };
		621A04D51D9AF61E00C5085D /* RouteTableViewCell.swift */ = {isa = PBXFileReference; fileEncoding = 4; lastKnownFileType = sourcecode.swift; path = RouteTableViewCell.swift; sourceTree = "<group>"; };
		621A04D71D9AF9D300C5085D /* SegmentsTableViewCell.swift */ = {isa = PBXFileReference; fileEncoding = 4; lastKnownFileType = sourcecode.swift; path = SegmentsTableViewCell.swift; sourceTree = "<group>"; };
		627799381D98192A005E703C /* TransitApp.app */ = {isa = PBXFileReference; explicitFileType = wrapper.application; includeInIndex = 0; path = TransitApp.app; sourceTree = BUILT_PRODUCTS_DIR; };
		6277993B1D98192A005E703C /* AppDelegate.swift */ = {isa = PBXFileReference; lastKnownFileType = sourcecode.swift; path = AppDelegate.swift; sourceTree = "<group>"; };
		6277993D1D98192A005E703C /* SplashViewController.swift */ = {isa = PBXFileReference; lastKnownFileType = sourcecode.swift; path = SplashViewController.swift; sourceTree = "<group>"; };
		627799401D98192A005E703C /* Base */ = {isa = PBXFileReference; lastKnownFileType = file.storyboard; name = Base; path = Base.lproj/Main.storyboard; sourceTree = "<group>"; };
		627799421D98192A005E703C /* Assets.xcassets */ = {isa = PBXFileReference; lastKnownFileType = folder.assetcatalog; path = Assets.xcassets; sourceTree = "<group>"; };
		627799471D98192A005E703C /* Info.plist */ = {isa = PBXFileReference; lastKnownFileType = text.plist.xml; path = Info.plist; sourceTree = "<group>"; };
		6277994C1D98192A005E703C /* TransitAppTests.xctest */ = {isa = PBXFileReference; explicitFileType = wrapper.cfbundle; includeInIndex = 0; path = TransitAppTests.xctest; sourceTree = BUILT_PRODUCTS_DIR; };
		627799501D98192A005E703C /* TransitAppTests.swift */ = {isa = PBXFileReference; lastKnownFileType = sourcecode.swift; path = TransitAppTests.swift; sourceTree = "<group>"; };
		627799521D98192A005E703C /* Info.plist */ = {isa = PBXFileReference; lastKnownFileType = text.plist.xml; path = Info.plist; sourceTree = "<group>"; };
		627799611D981BFC005E703C /* TransitApp-Bridging-Header.h */ = {isa = PBXFileReference; fileEncoding = 4; lastKnownFileType = sourcecode.c.h; path = "TransitApp-Bridging-Header.h"; sourceTree = "<group>"; };
		627799621D981D50005E703C /* Podfile */ = {isa = PBXFileReference; fileEncoding = 4; lastKnownFileType = text; path = Podfile; sourceTree = "<group>"; xcLanguageSpecificationIdentifier = xcode.lang.ruby; };
		627799651D9832A3005E703C /* IJProgressView.swift */ = {isa = PBXFileReference; fileEncoding = 4; lastKnownFileType = sourcecode.swift; path = IJProgressView.swift; sourceTree = "<group>"; };
		627799671D985C71005E703C /* data.json */ = {isa = PBXFileReference; fileEncoding = 4; lastKnownFileType = text.json; path = data.json; sourceTree = "<group>"; };
		6277996B1D987F17005E703C /* SearchViewController.swift */ = {isa = PBXFileReference; fileEncoding = 4; lastKnownFileType = sourcecode.swift; path = SearchViewController.swift; sourceTree = "<group>"; };
		6277996D1D98845B005E703C /* Data.swift */ = {isa = PBXFileReference; fileEncoding = 4; lastKnownFileType = sourcecode.swift; path = Data.swift; sourceTree = "<group>"; };
		627799711D99A8E5005E703C /* DataParser.swift */ = {isa = PBXFileReference; fileEncoding = 4; lastKnownFileType = sourcecode.swift; path = DataParser.swift; sourceTree = "<group>"; };
		627799731D99AAD1005E703C /* Extensions.swift */ = {isa = PBXFileReference; fileEncoding = 4; lastKnownFileType = sourcecode.swift; path = Extensions.swift; sourceTree = "<group>"; };
		6D1C298EF69321B4C7B77B1C /* Pods_TransitApp.framework */ = {isa = PBXFileReference; explicitFileType = wrapper.framework; includeInIndex = 0; path = Pods_TransitApp.framework; sourceTree = BUILT_PRODUCTS_DIR; };
/* End PBXFileReference section */

/* Begin PBXFrameworksBuildPhase section */
		627799351D98192A005E703C /* Frameworks */ = {
			isa = PBXFrameworksBuildPhase;
			buildActionMask = 2147483647;
			files = (
				83DE06C006C9B3C178C3BE0B /* Pods_TransitApp.framework in Frameworks */,
			);
			runOnlyForDeploymentPostprocessing = 0;
		};
		627799491D98192A005E703C /* Frameworks */ = {
			isa = PBXFrameworksBuildPhase;
			buildActionMask = 2147483647;
			files = (
			);
			runOnlyForDeploymentPostprocessing = 0;
		};
/* End PBXFrameworksBuildPhase section */

/* Begin PBXGroup section */
		3DCD21661B2BF359F1C7B151 /* Frameworks */ = {
			isa = PBXGroup;
			children = (
				6D1C298EF69321B4C7B77B1C /* Pods_TransitApp.framework */,
			);
			name = Frameworks;
			sourceTree = "<group>";
		};
		582D94DCAFBD12738BEFAA45 /* Pods */ = {
			isa = PBXGroup;
			children = (
				48F60EB2165E6758187A2034 /* Pods-TransitApp.debug.xcconfig */,
				02C4B179D8E86B0BA1505942 /* Pods-TransitApp.release.xcconfig */,
			);
			name = Pods;
			sourceTree = "<group>";
		};
		6277992F1D98192A005E703C = {
			isa = PBXGroup;
			children = (
				627799621D981D50005E703C /* Podfile */,
				6277993A1D98192A005E703C /* TransitApp */,
				6277994F1D98192A005E703C /* TransitAppTests */,
				627799391D98192A005E703C /* Products */,
				582D94DCAFBD12738BEFAA45 /* Pods */,
				3DCD21661B2BF359F1C7B151 /* Frameworks */,
			);
			sourceTree = "<group>";
		};
		627799391D98192A005E703C /* Products */ = {
			isa = PBXGroup;
			children = (
				627799381D98192A005E703C /* TransitApp.app */,
				6277994C1D98192A005E703C /* TransitAppTests.xctest */,
			);
			name = Products;
			sourceTree = "<group>";
		};
		6277993A1D98192A005E703C /* TransitApp */ = {
			isa = PBXGroup;
			children = (
				6277993B1D98192A005E703C /* AppDelegate.swift */,
				627799601D9819C0005E703C /* Interfaces */,
				6277995D1D98195F005E703C /* Views */,
				6277995C1D981955005E703C /* Controllers */,
				6277995B1D981943005E703C /* Models */,
				627799641D983281005E703C /* Helpers */,
				6277995E1D981969005E703C /* Resources */,
				6277995F1D981986005E703C /* Extra */,
			);
			path = TransitApp;
			sourceTree = "<group>";
		};
		6277994F1D98192A005E703C /* TransitAppTests */ = {
			isa = PBXGroup;
			children = (
				627799501D98192A005E703C /* TransitAppTests.swift */,
				627799521D98192A005E703C /* Info.plist */,
			);
			path = TransitAppTests;
			sourceTree = "<group>";
		};
		6277995B1D981943005E703C /* Models */ = {
			isa = PBXGroup;
			children = (
				27A6DA461D995C4400D82628 /* Route.swift */,
				27A6DA4A1D9960E800D82628 /* Segment.swift */,
				27A6DA481D99600900D82628 /* Stop.swift */,
				27A6DA4C1D99654900D82628 /* ProviderAttribute.swift */,
			);
			name = Models;
			sourceTree = "<group>";
		};
		6277995C1D981955005E703C /* Controllers */ = {
			isa = PBXGroup;
			children = (
				6277993D1D98192A005E703C /* SplashViewController.swift */,
				6277996B1D987F17005E703C /* SearchViewController.swift */,
				27B1BB451D9ACB8C00B0AC0D /* ResultTableViewController.swift */,
			);
			name = Controllers;
			sourceTree = "<group>";
		};
		6277995D1D98195F005E703C /* Views */ = {
			isa = PBXGroup;
			children = (
				27B1BB431D9ABA1700B0AC0D /* DialogDateTimePickerView.swift */,
				621A04D51D9AF61E00C5085D /* RouteTableViewCell.swift */,
				621A04D71D9AF9D300C5085D /* SegmentsTableViewCell.swift */,
			);
			name = Views;
			sourceTree = "<group>";
		};
		6277995E1D981969005E703C /* Resources */ = {
			isa = PBXGroup;
			children = (
				6277996D1D98845B005E703C /* Data.swift */,
				627799731D99AAD1005E703C /* Extensions.swift */,
				627799651D9832A3005E703C /* IJProgressView.swift */,
				627799671D985C71005E703C /* data.json */,
				627799421D98192A005E703C /* Assets.xcassets */,
			);
			name = Resources;
			sourceTree = "<group>";
		};
		6277995F1D981986005E703C /* Extra */ = {
			isa = PBXGroup;
			children = (
				627799611D981BFC005E703C /* TransitApp-Bridging-Header.h */,
				627799471D98192A005E703C /* Info.plist */,
			);
			name = Extra;
			sourceTree = "<group>";
		};
		627799601D9819C0005E703C /* Interfaces */ = {
			isa = PBXGroup;
			children = (
				6277993F1D98192A005E703C /* Main.storyboard */,
				27B1BB411D9AB97A00B0AC0D /* DialogDateTimePicker.xib */,
			);
			name = Interfaces;
			sourceTree = "<group>";
		};
		627799641D983281005E703C /* Helpers */ = {
			isa = PBXGroup;
			children = (
				627799711D99A8E5005E703C /* DataParser.swift */,
			);
			name = Helpers;
			sourceTree = "<group>";
		};
/* End PBXGroup section */

/* Begin PBXNativeTarget section */
		627799371D98192A005E703C /* TransitApp */ = {
			isa = PBXNativeTarget;
			buildConfigurationList = 627799551D98192A005E703C /* Build configuration list for PBXNativeTarget "TransitApp" */;
			buildPhases = (
				A8C098A7FA281EA304B8DF5D /* [CP] Check Pods Manifest.lock */,
				627799341D98192A005E703C /* Sources */,
				627799351D98192A005E703C /* Frameworks */,
				627799361D98192A005E703C /* Resources */,
				7D5299706E7B8BD8F2DBD65A /* [CP] Embed Pods Frameworks */,
				0801156A867E7A9B8F58ABAA /* [CP] Copy Pods Resources */,
			);
			buildRules = (
			);
			dependencies = (
			);
			name = TransitApp;
			productName = TransitApp;
			productReference = 627799381D98192A005E703C /* TransitApp.app */;
			productType = "com.apple.product-type.application";
		};
		6277994B1D98192A005E703C /* TransitAppTests */ = {
			isa = PBXNativeTarget;
			buildConfigurationList = 627799581D98192A005E703C /* Build configuration list for PBXNativeTarget "TransitAppTests" */;
			buildPhases = (
				627799481D98192A005E703C /* Sources */,
				627799491D98192A005E703C /* Frameworks */,
				6277994A1D98192A005E703C /* Resources */,
			);
			buildRules = (
			);
			dependencies = (
				6277994E1D98192A005E703C /* PBXTargetDependency */,
			);
			name = TransitAppTests;
			productName = TransitAppTests;
			productReference = 6277994C1D98192A005E703C /* TransitAppTests.xctest */;
			productType = "com.apple.product-type.bundle.unit-test";
		};
/* End PBXNativeTarget section */

/* Begin PBXProject section */
		627799301D98192A005E703C /* Project object */ = {
			isa = PBXProject;
			attributes = {
				LastSwiftUpdateCheck = 0800;
				LastUpgradeCheck = 0800;
				ORGANIZATIONNAME = "Fares Ben Hamouda";
				TargetAttributes = {
					627799371D98192A005E703C = {
						CreatedOnToolsVersion = 8.0;
						DevelopmentTeam = EA6VV6W3P4;
						LastSwiftMigration = 0800;
						ProvisioningStyle = Automatic;
					};
					6277994B1D98192A005E703C = {
						CreatedOnToolsVersion = 8.0;
						ProvisioningStyle = Automatic;
						TestTargetID = 627799371D98192A005E703C;
					};
				};
			};
			buildConfigurationList = 627799331D98192A005E703C /* Build configuration list for PBXProject "TransitApp" */;
			compatibilityVersion = "Xcode 3.2";
			developmentRegion = English;
			hasScannedForEncodings = 0;
			knownRegions = (
				en,
				Base,
			);
			mainGroup = 6277992F1D98192A005E703C;
			productRefGroup = 627799391D98192A005E703C /* Products */;
			projectDirPath = "";
			projectRoot = "";
			targets = (
				627799371D98192A005E703C /* TransitApp */,
				6277994B1D98192A005E703C /* TransitAppTests */,
			);
		};
/* End PBXProject section */

/* Begin PBXResourcesBuildPhase section */
		627799361D98192A005E703C /* Resources */ = {
			isa = PBXResourcesBuildPhase;
			buildActionMask = 2147483647;
			files = (
				27B1BB421D9AB97A00B0AC0D /* DialogDateTimePicker.xib in Resources */,
				627799631D981D50005E703C /* Podfile in Resources */,
				627799431D98192A005E703C /* Assets.xcassets in Resources */,
				627799411D98192A005E703C /* Main.storyboard in Resources */,
				627799681D985C71005E703C /* data.json in Resources */,
			);
			runOnlyForDeploymentPostprocessing = 0;
		};
		6277994A1D98192A005E703C /* Resources */ = {
			isa = PBXResourcesBuildPhase;
			buildActionMask = 2147483647;
			files = (
			);
			runOnlyForDeploymentPostprocessing = 0;
		};
/* End PBXResourcesBuildPhase section */

/* Begin PBXShellScriptBuildPhase section */
		0801156A867E7A9B8F58ABAA /* [CP] Copy Pods Resources */ = {
			isa = PBXShellScriptBuildPhase;
			buildActionMask = 2147483647;
			files = (
			);
			inputPaths = (
			);
			name = "[CP] Copy Pods Resources";
			outputPaths = (
			);
			runOnlyForDeploymentPostprocessing = 0;
			shellPath = /bin/sh;
			shellScript = "\"${SRCROOT}/Pods/Target Support Files/Pods-TransitApp/Pods-TransitApp-resources.sh\"\n";
			showEnvVarsInLog = 0;
		};
		7D5299706E7B8BD8F2DBD65A /* [CP] Embed Pods Frameworks */ = {
			isa = PBXShellScriptBuildPhase;
			buildActionMask = 2147483647;
			files = (
			);
			inputPaths = (
			);
			name = "[CP] Embed Pods Frameworks";
			outputPaths = (
			);
			runOnlyForDeploymentPostprocessing = 0;
			shellPath = /bin/sh;
			shellScript = "\"${SRCROOT}/Pods/Target Support Files/Pods-TransitApp/Pods-TransitApp-frameworks.sh\"\n";
			showEnvVarsInLog = 0;
		};
		A8C098A7FA281EA304B8DF5D /* [CP] Check Pods Manifest.lock */ = {
			isa = PBXShellScriptBuildPhase;
			buildActionMask = 2147483647;
			files = (
			);
			inputPaths = (
			);
			name = "[CP] Check Pods Manifest.lock";
			outputPaths = (
			);
			runOnlyForDeploymentPostprocessing = 0;
			shellPath = /bin/sh;
			shellScript = "diff \"${PODS_ROOT}/../Podfile.lock\" \"${PODS_ROOT}/Manifest.lock\" > /dev/null\nif [[ $? != 0 ]] ; then\n    cat << EOM\nerror: The sandbox is not in sync with the Podfile.lock. Run 'pod install' or update your CocoaPods installation.\nEOM\n    exit 1\nfi\n";
			showEnvVarsInLog = 0;
		};
/* End PBXShellScriptBuildPhase section */

/* Begin PBXSourcesBuildPhase section */
		627799341D98192A005E703C /* Sources */ = {
			isa = PBXSourcesBuildPhase;
			buildActionMask = 2147483647;
			files = (
				6277996E1D98845B005E703C /* Data.swift in Sources */,
				27A6DA4B1D9960E800D82628 /* Segment.swift in Sources */,
				627799661D9832A3005E703C /* IJProgressView.swift in Sources */,
				27B1BB461D9ACB8C00B0AC0D /* ResultTableViewController.swift in Sources */,
				27A6DA491D99600900D82628 /* Stop.swift in Sources */,
				6277993E1D98192A005E703C /* SplashViewController.swift in Sources */,
				621A04D61D9AF61E00C5085D /* RouteTableViewCell.swift in Sources */,
				6277996C1D987F17005E703C /* SearchViewController.swift in Sources */,
				627799741D99AAD1005E703C /* Extensions.swift in Sources */,
				27B1BB441D9ABA1700B0AC0D /* DialogDateTimePickerView.swift in Sources */,
				621A04D81D9AF9D300C5085D /* SegmentsTableViewCell.swift in Sources */,
				27A6DA471D995C4400D82628 /* Route.swift in Sources */,
				6277993C1D98192A005E703C /* AppDelegate.swift in Sources */,
				627799721D99A8E5005E703C /* DataParser.swift in Sources */,
				27A6DA4D1D99654A00D82628 /* ProviderAttribute.swift in Sources */,
			);
			runOnlyForDeploymentPostprocessing = 0;
		};
		627799481D98192A005E703C /* Sources */ = {
			isa = PBXSourcesBuildPhase;
			buildActionMask = 2147483647;
			files = (
				627799511D98192A005E703C /* TransitAppTests.swift in Sources */,
			);
			runOnlyForDeploymentPostprocessing = 0;
		};
/* End PBXSourcesBuildPhase section */

/* Begin PBXTargetDependency section */
		6277994E1D98192A005E703C /* PBXTargetDependency */ = {
			isa = PBXTargetDependency;
			target = 627799371D98192A005E703C /* TransitApp */;
			targetProxy = 6277994D1D98192A005E703C /* PBXContainerItemProxy */;
		};
/* End PBXTargetDependency section */

/* Begin PBXVariantGroup section */
		6277993F1D98192A005E703C /* Main.storyboard */ = {
			isa = PBXVariantGroup;
			children = (
				627799401D98192A005E703C /* Base */,
			);
			name = Main.storyboard;
			sourceTree = "<group>";
		};
/* End PBXVariantGroup section */

/* Begin XCBuildConfiguration section */
		627799531D98192A005E703C /* Debug */ = {
			isa = XCBuildConfiguration;
			buildSettings = {
				ALWAYS_SEARCH_USER_PATHS = NO;
				CLANG_ANALYZER_NONNULL = YES;
				CLANG_CXX_LANGUAGE_STANDARD = "gnu++0x";
				CLANG_CXX_LIBRARY = "libc++";
				CLANG_ENABLE_MODULES = YES;
				CLANG_ENABLE_OBJC_ARC = YES;
				CLANG_WARN_BOOL_CONVERSION = YES;
				CLANG_WARN_CONSTANT_CONVERSION = YES;
				CLANG_WARN_DIRECT_OBJC_ISA_USAGE = YES_ERROR;
				CLANG_WARN_DOCUMENTATION_COMMENTS = YES;
				CLANG_WARN_EMPTY_BODY = YES;
				CLANG_WARN_ENUM_CONVERSION = YES;
				CLANG_WARN_INFINITE_RECURSION = YES;
				CLANG_WARN_INT_CONVERSION = YES;
				CLANG_WARN_OBJC_ROOT_CLASS = YES_ERROR;
				CLANG_WARN_SUSPICIOUS_MOVE = YES;
				CLANG_WARN_SUSPICIOUS_MOVES = YES;
				CLANG_WARN_UNREACHABLE_CODE = YES;
				CLANG_WARN__DUPLICATE_METHOD_MATCH = YES;
				"CODE_SIGN_IDENTITY[sdk=iphoneos*]" = "iPhone Developer";
				COPY_PHASE_STRIP = NO;
				DEBUG_INFORMATION_FORMAT = dwarf;
				ENABLE_STRICT_OBJC_MSGSEND = YES;
				ENABLE_TESTABILITY = YES;
				GCC_C_LANGUAGE_STANDARD = gnu99;
				GCC_DYNAMIC_NO_PIC = NO;
				GCC_NO_COMMON_BLOCKS = YES;
				GCC_OPTIMIZATION_LEVEL = 0;
				GCC_PREPROCESSOR_DEFINITIONS = (
					"DEBUG=1",
					"$(inherited)",
				);
				GCC_WARN_64_TO_32_BIT_CONVERSION = YES;
				GCC_WARN_ABOUT_RETURN_TYPE = YES_ERROR;
				GCC_WARN_UNDECLARED_SELECTOR = YES;
				GCC_WARN_UNINITIALIZED_AUTOS = YES_AGGRESSIVE;
				GCC_WARN_UNUSED_FUNCTION = YES;
				GCC_WARN_UNUSED_VARIABLE = YES;
				IPHONEOS_DEPLOYMENT_TARGET = 10.0;
				MTL_ENABLE_DEBUG_INFO = YES;
				ONLY_ACTIVE_ARCH = YES;
				SDKROOT = iphoneos;
				SWIFT_ACTIVE_COMPILATION_CONDITIONS = DEBUG;
				SWIFT_OPTIMIZATION_LEVEL = "-Onone";
			};
			name = Debug;
		};
		627799541D98192A005E703C /* Release */ = {
			isa = XCBuildConfiguration;
			buildSettings = {
				ALWAYS_SEARCH_USER_PATHS = NO;
				CLANG_ANALYZER_NONNULL = YES;
				CLANG_CXX_LANGUAGE_STANDARD = "gnu++0x";
				CLANG_CXX_LIBRARY = "libc++";
				CLANG_ENABLE_MODULES = YES;
				CLANG_ENABLE_OBJC_ARC = YES;
				CLANG_WARN_BOOL_CONVERSION = YES;
				CLANG_WARN_CONSTANT_CONVERSION = YES;
				CLANG_WARN_DIRECT_OBJC_ISA_USAGE = YES_ERROR;
				CLANG_WARN_DOCUMENTATION_COMMENTS = YES;
				CLANG_WARN_EMPTY_BODY = YES;
				CLANG_WARN_ENUM_CONVERSION = YES;
				CLANG_WARN_INFINITE_RECURSION = YES;
				CLANG_WARN_INT_CONVERSION = YES;
				CLANG_WARN_OBJC_ROOT_CLASS = YES_ERROR;
				CLANG_WARN_SUSPICIOUS_MOVE = YES;
				CLANG_WARN_SUSPICIOUS_MOVES = YES;
				CLANG_WARN_UNREACHABLE_CODE = YES;
				CLANG_WARN__DUPLICATE_METHOD_MATCH = YES;
				"CODE_SIGN_IDENTITY[sdk=iphoneos*]" = "iPhone Developer";
				COPY_PHASE_STRIP = NO;
				DEBUG_INFORMATION_FORMAT = "dwarf-with-dsym";
				ENABLE_NS_ASSERTIONS = NO;
				ENABLE_STRICT_OBJC_MSGSEND = YES;
				GCC_C_LANGUAGE_STANDARD = gnu99;
				GCC_NO_COMMON_BLOCKS = YES;
				GCC_WARN_64_TO_32_BIT_CONVERSION = YES;
				GCC_WARN_ABOUT_RETURN_TYPE = YES_ERROR;
				GCC_WARN_UNDECLARED_SELECTOR = YES;
				GCC_WARN_UNINITIALIZED_AUTOS = YES_AGGRESSIVE;
				GCC_WARN_UNUSED_FUNCTION = YES;
				GCC_WARN_UNUSED_VARIABLE = YES;
				IPHONEOS_DEPLOYMENT_TARGET = 10.0;
				MTL_ENABLE_DEBUG_INFO = NO;
				SDKROOT = iphoneos;
				SWIFT_OPTIMIZATION_LEVEL = "-Owholemodule";
				VALIDATE_PRODUCT = YES;
			};
			name = Release;
		};
		627799561D98192A005E703C /* Debug */ = {
			isa = XCBuildConfiguration;
			baseConfigurationReference = 48F60EB2165E6758187A2034 /* Pods-TransitApp.debug.xcconfig */;
			buildSettings = {
				ALWAYS_EMBED_SWIFT_STANDARD_LIBRARIES = YES;
				ASSETCATALOG_COMPILER_APPICON_NAME = AppIcon;
				CLANG_CXX_LIBRARY = "compiler-default";
				DEVELOPMENT_TEAM = EA6VV6W3P4;
				INFOPLIST_FILE = TransitApp/Info.plist;
				LD_RUNPATH_SEARCH_PATHS = "$(inherited) @executable_path/Frameworks";
				OTHER_LDFLAGS = (
					"$(inherited)",
					"-ObjC",
					"-l\"c++\"",
					"-l\"z\"",
					"-framework",
					"\"Accelerate\"",
					"-framework",
					"\"CoreData\"",
					"-framework",
					"\"CoreGraphics\"",
					"-framework",
					"\"CoreLocation\"",
					"-framework",
					"\"CoreText\"",
					"-framework",
					"\"GLKit\"",
					"-framework",
					"\"GoogleMaps\"",
					"-framework",
					"\"GoogleMapsBase\"",
					"-framework",
					"\"GoogleMapsCore\"",
					"-framework",
					"\"ImageIO\"",
					"-framework",
					"\"MaterialKit\"",
					"-framework",
					"\"OpenGLES\"",
					"-framework",
					"\"Polyline\"",
					"-framework",
					"\"PopupContainer\"",
					"-framework",
					"\"QuartzCore\"",
					"-framework",
					"\"SystemConfiguration\"",
					"-framework",
					"\"UIKit\"",
				);
				PRODUCT_BUNDLE_IDENTIFIER = com.fares.TransitApp;
				PRODUCT_NAME = "$(TARGET_NAME)";
				SWIFT_OBJC_BRIDGING_HEADER = "TransitApp/TransitApp-Bridging-Header.h";
				SWIFT_VERSION = 3.0;
			};
			name = Debug;
		};
		627799571D98192A005E703C /* Release */ = {
			isa = XCBuildConfiguration;
			baseConfigurationReference = 02C4B179D8E86B0BA1505942 /* Pods-TransitApp.release.xcconfig */;
			buildSettings = {
				ALWAYS_EMBED_SWIFT_STANDARD_LIBRARIES = YES;
				ASSETCATALOG_COMPILER_APPICON_NAME = AppIcon;
				CLANG_CXX_LIBRARY = "compiler-default";
				DEVELOPMENT_TEAM = EA6VV6W3P4;
				INFOPLIST_FILE = TransitApp/Info.plist;
				LD_RUNPATH_SEARCH_PATHS = "$(inherited) @executable_path/Frameworks";
				OTHER_LDFLAGS = (
					"$(inherited)",
					"-ObjC",
					"-l\"c++\"",
					"-l\"z\"",
					"-framework",
					"\"Accelerate\"",
					"-framework",
					"\"CoreData\"",
					"-framework",
					"\"CoreGraphics\"",
					"-framework",
					"\"CoreLocation\"",
					"-framework",
					"\"CoreText\"",
					"-framework",
					"\"GLKit\"",
					"-framework",
					"\"GoogleMaps\"",
					"-framework",
					"\"GoogleMapsBase\"",
					"-framework",
					"\"GoogleMapsCore\"",
					"-framework",
					"\"ImageIO\"",
					"-framework",
					"\"MaterialKit\"",
					"-framework",
					"\"OpenGLES\"",
					"-framework",
					"\"Polyline\"",
					"-framework",
					"\"PopupContainer\"",
					"-framework",
					"\"QuartzCore\"",
					"-framework",
					"\"SystemConfiguration\"",
					"-framework",
					"\"UIKit\"",
				);
				PRODUCT_BUNDLE_IDENTIFIER = com.fares.TransitApp;
				PRODUCT_NAME = "$(TARGET_NAME)";
				SWIFT_OBJC_BRIDGING_HEADER = "TransitApp/TransitApp-Bridging-Header.h";
				SWIFT_VERSION = 3.0;
			};
			name = Release;
		};
		627799591D98192A005E703C /* Debug */ = {
			isa = XCBuildConfiguration;
			buildSettings = {
				ALWAYS_EMBED_SWIFT_STANDARD_LIBRARIES = YES;
				BUNDLE_LOADER = "$(TEST_HOST)";
				INFOPLIST_FILE = TransitAppTests/Info.plist;
				LD_RUNPATH_SEARCH_PATHS = "$(inherited) @executable_path/Frameworks @loader_path/Frameworks";
				PRODUCT_BUNDLE_IDENTIFIER = com.fares.TransitAppTests;
				PRODUCT_NAME = "$(TARGET_NAME)";
				SWIFT_VERSION = 3.0;
				TEST_HOST = "$(BUILT_PRODUCTS_DIR)/TransitApp.app/TransitApp";
			};
			name = Debug;
		};
		6277995A1D98192A005E703C /* Release */ = {
			isa = XCBuildConfiguration;
			buildSettings = {
				ALWAYS_EMBED_SWIFT_STANDARD_LIBRARIES = YES;
				BUNDLE_LOADER = "$(TEST_HOST)";
				INFOPLIST_FILE = TransitAppTests/Info.plist;
				LD_RUNPATH_SEARCH_PATHS = "$(inherited) @executable_path/Frameworks @loader_path/Frameworks";
				PRODUCT_BUNDLE_IDENTIFIER = com.fares.TransitAppTests;
				PRODUCT_NAME = "$(TARGET_NAME)";
				SWIFT_VERSION = 3.0;
				TEST_HOST = "$(BUILT_PRODUCTS_DIR)/TransitApp.app/TransitApp";
			};
			name = Release;
		};
/* End XCBuildConfiguration section */

/* Begin XCConfigurationList section */
		627799331D98192A005E703C /* Build configuration list for PBXProject "TransitApp" */ = {
			isa = XCConfigurationList;
			buildConfigurations = (
				627799531D98192A005E703C /* Debug */,
				627799541D98192A005E703C /* Release */,
			);
			defaultConfigurationIsVisible = 0;
			defaultConfigurationName = Release;
		};
		627799551D98192A005E703C /* Build configuration list for PBXNativeTarget "TransitApp" */ = {
			isa = XCConfigurationList;
			buildConfigurations = (
				627799561D98192A005E703C /* Debug */,
				627799571D98192A005E703C /* Release */,
			);
			defaultConfigurationIsVisible = 0;
			defaultConfigurationName = Release;
		};
		627799581D98192A005E703C /* Build configuration list for PBXNativeTarget "TransitAppTests" */ = {
			isa = XCConfigurationList;
			buildConfigurations = (
				627799591D98192A005E703C /* Debug */,
				6277995A1D98192A005E703C /* Release */,
			);
			defaultConfigurationIsVisible = 0;
			defaultConfigurationName = Release;
		};
/* End XCConfigurationList section */
	};
	rootObject = 627799301D98192A005E703C /* Project object */;
}
